
Microsoft Visual Studio Solution File, Format Version 12.00
# Visual Studio Version 16
VisualStudioVersion = 16.0.30907.101
MinimumVisualStudioVersion = 10.0.40219.1
Project("{FAE04EC0-301F-11D3-BF4B-00C04F79EFBC}") = "OS_lab4_1", "OS_lab4_1\OS_lab4_1.csproj", "{D960E04D-29A8-4A42-9622-21602A8A69FA}"
EndProject
Project("{FAE04EC0-301F-11D3-BF4B-00C04F79EFBC}") = "Reader", "Reader\Reader.csproj", "{B02CAE5E-B18D-4D66-BD35-5AD5F93A7DC7}"
EndProject
Project("{FAE04EC0-301F-11D3-BF4B-00C04F79EFBC}") = "Writer", "Writer\Writer.csproj", "{3A87700A-9BCC-4A33-AB5D-FF27E9C1D44B}"
EndProject
Project("{FAE04EC0-301F-11D3-BF4B-00C04F79EFBC}") = "Winapi", "Winapi\Winapi.csproj", "{C91BFB02-7BC7-4A1F-8A4B-9FB9F11EBEBC}"
EndProject
Project("{FAE04EC0-301F-11D3-BF4B-00C04F79EFBC}") = "SimpleMenu", "..\SimpleMenu\SimpleMenu.csproj", "{6BCCEC7D-CCBF-4DA9-BED4-F3D9DA5D9AA4}"
EndProject
Global
	GlobalSection(SolutionConfigurationPlatforms) = preSolution
		Debug|Any CPU = Debug|Any CPU
		Release|Any CPU = Release|Any CPU
	EndGlobalSection
	GlobalSection(ProjectConfigurationPlatforms) = postSolution
		{D960E04D-29A8-4A42-9622-21602A8A69FA}.Debug|Any CPU.ActiveCfg = Debug|Any CPU
		{D960E04D-29A8-4A42-9622-21602A8A69FA}.Debug|Any CPU.Build.0 = Debug|Any CPU
		{D960E04D-29A8-4A42-9622-21602A8A69FA}.Release|Any CPU.ActiveCfg = Release|Any CPU
		{D960E04D-29A8-4A42-9622-21602A8A69FA}.Release|Any CPU.Build.0 = Release|Any CPU
		{B02CAE5E-B18D-4D66-BD35-5AD5F93A7DC7}.Debug|Any CPU.ActiveCfg = Debug|Any CPU
		{B02CAE5E-B18D-4D66-BD35-5AD5F93A7DC7}.Debug|Any CPU.Build.0 = Debug|Any CPU
		{B02CAE5E-B18D-4D66-BD35-5AD5F93A7DC7}.Release|Any CPU.ActiveCfg = Release|Any CPU
		{B02CAE5E-B18D-4D66-BD35-5AD5F93A7DC7}.Release|Any CPU.Build.0 = Release|Any CPU
		{3A87700A-9BCC-4A33-AB5D-FF27E9C1D44B}.Debug|Any CPU.ActiveCfg = Debug|Any CPU
		{3A87700A-9BCC-4A33-AB5D-FF27E9C1D44B}.Debug|Any CPU.Build.0 = Debug|Any CPU
		{3A87700A-9BCC-4A33-AB5D-FF27E9C1D44B}.Release|Any CPU.ActiveCfg = Release|Any CPU
		{3A87700A-9BCC-4A33-AB5D-FF27E9C1D44B}.Release|Any CPU.Build.0 = Release|Any CPU
		{C91BFB02-7BC7-4A1F-8A4B-9FB9F11EBEBC}.Debug|Any CPU.ActiveCfg = Debug|Any CPU
		{C91BFB02-7BC7-4A1F-8A4B-9FB9F11EBEBC}.Debug|Any CPU.Build.0 = Debug|Any CPU
		{C91BFB02-7BC7-4A1F-8A4B-9FB9F11EBEBC}.Release|Any CPU.ActiveCfg = Release|Any CPU
		{C91BFB02-7BC7-4A1F-8A4B-9FB9F11EBEBC}.Release|Any CPU.Build.0 = Release|Any CPU
		{6BCCEC7D-CCBF-4DA9-BED4-F3D9DA5D9AA4}.Debug|Any CPU.ActiveCfg = Debug|Any CPU
		{6BCCEC7D-CCBF-4DA9-BED4-F3D9DA5D9AA4}.Debug|Any CPU.Build.0 = Debug|Any CPU
		{6BCCEC7D-CCBF-4DA9-BED4-F3D9DA5D9AA4}.Release|Any CPU.ActiveCfg = Release|Any CPU
		{6BCCEC7D-CCBF-4DA9-BED4-F3D9DA5D9AA4}.Release|Any CPU.Build.0 = Release|Any CPU
	EndGlobalSection
	GlobalSection(SolutionProperties) = preSolution
		HideSolutionNode = FALSE
	EndGlobalSection
	GlobalSection(ExtensibilityGlobals) = postSolution
		SolutionGuid = {FD53FF2C-83D8-4BEE-A8D3-040912E7373A}
	EndGlobalSection
EndGlobal
